// !$*UTF8*$!
{
	archiveVersion = 1;
	classes = {
	};
	objectVersion = 56;
	objects = {

/* Begin PBXBuildFile section */
		81EBF5FA2C3BBF4200E2FBF5 /* My_IncomeApp.swift in Sources */ = {isa = PBXBuildFile; fileRef = 81EBF5F92C3BBF4200E2FBF5 /* My_IncomeApp.swift */; };
		81EBF5FC2C3BBF4200E2FBF5 /* ContentView.swift in Sources */ = {isa = PBXBuildFile; fileRef = 81EBF5FB2C3BBF4200E2FBF5 /* ContentView.swift */; };
		81EBF5FE2C3BBF4400E2FBF5 /* Assets.xcassets in Resources */ = {isa = PBXBuildFile; fileRef = 81EBF5FD2C3BBF4400E2FBF5 /* Assets.xcassets */; };
		81EBF6012C3BBF4400E2FBF5 /* Preview Assets.xcassets in Resources */ = {isa = PBXBuildFile; fileRef = 81EBF6002C3BBF4400E2FBF5 /* Preview Assets.xcassets */; };
		81EBF60A2C3BBF5600E2FBF5 /* DataController.swift in Sources */ = {isa = PBXBuildFile; fileRef = 81EBF6092C3BBF5500E2FBF5 /* DataController.swift */; };
		81EBF60D2C3BBF6100E2FBF5 /* Income.xcdatamodeld in Sources */ = {isa = PBXBuildFile; fileRef = 81EBF60B2C3BBF6100E2FBF5 /* Income.xcdatamodeld */; };
		81EBF6102C3BBF8700E2FBF5 /* HomeView.swift in Sources */ = {isa = PBXBuildFile; fileRef = 81EBF60F2C3BBF8700E2FBF5 /* HomeView.swift */; };
		81EBF6122C3BBF9000E2FBF5 /* ItemListView.swift in Sources */ = {isa = PBXBuildFile; fileRef = 81EBF6112C3BBF9000E2FBF5 /* ItemListView.swift */; };
		81EBF6142C3BBF9A00E2FBF5 /* AddView.swift in Sources */ = {isa = PBXBuildFile; fileRef = 81EBF6132C3BBF9A00E2FBF5 /* AddView.swift */; };
		81EBF6162C3BBFAF00E2FBF5 /* IncomeViewModel.swift in Sources */ = {isa = PBXBuildFile; fileRef = 81EBF6152C3BBFAF00E2FBF5 /* IncomeViewModel.swift */; };
/* End PBXBuildFile section */

/* Begin PBXCopyFilesBuildPhase section */
		8191379B2C3BD53900E093EE /* Embed Foundation Extensions */ = {
			isa = PBXCopyFilesBuildPhase;
			buildActionMask = 2147483647;
			dstPath = "";
			dstSubfolderSpec = 13;
			files = (
			);
			name = "Embed Foundation Extensions";
			runOnlyForDeploymentPostprocessing = 0;
		};
/* End PBXCopyFilesBuildPhase section */

/* Begin PBXFileReference section */
		819137862C3BD53600E093EE /* WidgetKit.framework */ = {isa = PBXFileReference; lastKnownFileType = wrapper.framework; name = WidgetKit.framework; path = System/Library/Frameworks/WidgetKit.framework; sourceTree = SDKROOT; };
		819137882C3BD53600E093EE /* SwiftUI.framework */ = {isa = PBXFileReference; lastKnownFileType = wrapper.framework; name = SwiftUI.framework; path = System/Library/Frameworks/SwiftUI.framework; sourceTree = SDKROOT; };
		81EBF5F62C3BBF4200E2FBF5 /* My Income.app */ = {isa = PBXFileReference; explicitFileType = wrapper.application; includeInIndex = 0; path = "My Income.app"; sourceTree = BUILT_PRODUCTS_DIR; };
		81EBF5F92C3BBF4200E2FBF5 /* My_IncomeApp.swift */ = {isa = PBXFileReference; lastKnownFileType = sourcecode.swift; path = My_IncomeApp.swift; sourceTree = "<group>"; };
		81EBF5FB2C3BBF4200E2FBF5 /* ContentView.swift */ = {isa = PBXFileReference; lastKnownFileType = sourcecode.swift; path = ContentView.swift; sourceTree = "<group>"; };
		81EBF5FD2C3BBF4400E2FBF5 /* Assets.xcassets */ = {isa = PBXFileReference; lastKnownFileType = folder.assetcatalog; path = Assets.xcassets; sourceTree = "<group>"; };
		81EBF6002C3BBF4400E2FBF5 /* Preview Assets.xcassets */ = {isa = PBXFileReference; lastKnownFileType = folder.assetcatalog; path = "Preview Assets.xcassets"; sourceTree = "<group>"; };
		81EBF6022C3BBF4400E2FBF5 /* My_Income.entitlements */ = {isa = PBXFileReference; lastKnownFileType = text.plist.entitlements; path = My_Income.entitlements; sourceTree = "<group>"; };
		81EBF6092C3BBF5500E2FBF5 /* DataController.swift */ = {isa = PBXFileReference; lastKnownFileType = sourcecode.swift; path = DataController.swift; sourceTree = "<group>"; };
		81EBF60C2C3BBF6100E2FBF5 /* MyIncome.xcdatamodel */ = {isa = PBXFileReference; lastKnownFileType = wrapper.xcdatamodel; path = MyIncome.xcdatamodel; sourceTree = "<group>"; };
		81EBF60F2C3BBF8700E2FBF5 /* HomeView.swift */ = {isa = PBXFileReference; lastKnownFileType = sourcecode.swift; path = HomeView.swift; sourceTree = "<group>"; };
		81EBF6112C3BBF9000E2FBF5 /* ItemListView.swift */ = {isa = PBXFileReference; lastKnownFileType = sourcecode.swift; path = ItemListView.swift; sourceTree = "<group>"; };
		81EBF6132C3BBF9A00E2FBF5 /* AddView.swift */ = {isa = PBXFileReference; lastKnownFileType = sourcecode.swift; path = AddView.swift; sourceTree = "<group>"; };
		81EBF6152C3BBFAF00E2FBF5 /* IncomeViewModel.swift */ = {isa = PBXFileReference; lastKnownFileType = sourcecode.swift; path = IncomeViewModel.swift; sourceTree = "<group>"; };
/* End PBXFileReference section */

/* Begin PBXFrameworksBuildPhase section */
		81EBF5F32C3BBF4200E2FBF5 /* Frameworks */ = {
			isa = PBXFrameworksBuildPhase;
			buildActionMask = 2147483647;
			files = (
			);
			runOnlyForDeploymentPostprocessing = 0;
		};
/* End PBXFrameworksBuildPhase section */

/* Begin PBXGroup section */
		819137852C3BD53600E093EE /* Frameworks */ = {
			isa = PBXGroup;
			children = (
				819137862C3BD53600E093EE /* WidgetKit.framework */,
				819137882C3BD53600E093EE /* SwiftUI.framework */,
			);
			name = Frameworks;
			sourceTree = "<group>";
		};
		81EBF5ED2C3BBF4200E2FBF5 = {
			isa = PBXGroup;
			children = (
				81EBF5F82C3BBF4200E2FBF5 /* My Income */,
				819137852C3BD53600E093EE /* Frameworks */,
				81EBF5F72C3BBF4200E2FBF5 /* Products */,
			);
			sourceTree = "<group>";
		};
		81EBF5F72C3BBF4200E2FBF5 /* Products */ = {
			isa = PBXGroup;
			children = (
				81EBF5F62C3BBF4200E2FBF5 /* My Income.app */,
			);
			name = Products;
			sourceTree = "<group>";
		};
		81EBF5F82C3BBF4200E2FBF5 /* My Income */ = {
			isa = PBXGroup;
			children = (
				81EBF5F92C3BBF4200E2FBF5 /* My_IncomeApp.swift */,
				81EBF6152C3BBFAF00E2FBF5 /* IncomeViewModel.swift */,
				81EBF60E2C3BBF7E00E2FBF5 /* View */,
				81EBF6082C3BBF4A00E2FBF5 /* Data */,
				81EBF5FB2C3BBF4200E2FBF5 /* ContentView.swift */,
				81EBF5FD2C3BBF4400E2FBF5 /* Assets.xcassets */,
				81EBF6022C3BBF4400E2FBF5 /* My_Income.entitlements */,
				81EBF5FF2C3BBF4400E2FBF5 /* Preview Content */,
			);
			path = "My Income";
			sourceTree = "<group>";
		};
		81EBF5FF2C3BBF4400E2FBF5 /* Preview Content */ = {
			isa = PBXGroup;
			children = (
				81EBF6002C3BBF4400E2FBF5 /* Preview Assets.xcassets */,
			);
			path = "Preview Content";
			sourceTree = "<group>";
		};
		81EBF6082C3BBF4A00E2FBF5 /* Data */ = {
			isa = PBXGroup;
			children = (
				81EBF6092C3BBF5500E2FBF5 /* DataController.swift */,
				81EBF60B2C3BBF6100E2FBF5 /* Income.xcdatamodeld */,
			);
			path = Data;
			sourceTree = "<group>";
		};
		81EBF60E2C3BBF7E00E2FBF5 /* View */ = {
			isa = PBXGroup;
			children = (
				81EBF60F2C3BBF8700E2FBF5 /* HomeView.swift */,
				81EBF6112C3BBF9000E2FBF5 /* ItemListView.swift */,
				81EBF6132C3BBF9A00E2FBF5 /* AddView.swift */,
			);
			path = View;
			sourceTree = "<group>";
		};
/* End PBXGroup section */

/* Begin PBXNativeTarget section */
		81EBF5F52C3BBF4200E2FBF5 /* My Income */ = {
			isa = PBXNativeTarget;
			buildConfigurationList = 81EBF6052C3BBF4400E2FBF5 /* Build configuration list for PBXNativeTarget "My Income" */;
			buildPhases = (
				81EBF5F22C3BBF4200E2FBF5 /* Sources */,
				81EBF5F32C3BBF4200E2FBF5 /* Frameworks */,
				81EBF5F42C3BBF4200E2FBF5 /* Resources */,
				8191379B2C3BD53900E093EE /* Embed Foundation Extensions */,
			);
			buildRules = (
			);
			dependencies = (
			);
			name = "My Income";
			productName = "My Income";
			productReference = 81EBF5F62C3BBF4200E2FBF5 /* My Income.app */;
			productType = "com.apple.product-type.application";
		};
/* End PBXNativeTarget section */

/* Begin PBXProject section */
		81EBF5EE2C3BBF4200E2FBF5 /* Project object */ = {
			isa = PBXProject;
			attributes = {
				BuildIndependentTargetsInParallel = 1;
				LastSwiftUpdateCheck = 1530;
				LastUpgradeCheck = 1530;
				TargetAttributes = {
					81EBF5F52C3BBF4200E2FBF5 = {
						CreatedOnToolsVersion = 15.3;
					};
				};
			};
			buildConfigurationList = 81EBF5F12C3BBF4200E2FBF5 /* Build configuration list for PBXProject "My Income" */;
			compatibilityVersion = "Xcode 14.0";
			developmentRegion = en;
			hasScannedForEncodings = 0;
			knownRegions = (
				en,
				Base,
			);
			mainGroup = 81EBF5ED2C3BBF4200E2FBF5;
			productRefGroup = 81EBF5F72C3BBF4200E2FBF5 /* Products */;
			projectDirPath = "";
			projectRoot = "";
			targets = (
				81EBF5F52C3BBF4200E2FBF5 /* My Income */,
			);
		};
/* End PBXProject section */

/* Begin PBXResourcesBuildPhase section */
		81EBF5F42C3BBF4200E2FBF5 /* Resources */ = {
			isa = PBXResourcesBuildPhase;
			buildActionMask = 2147483647;
			files = (
				81EBF6012C3BBF4400E2FBF5 /* Preview Assets.xcassets in Resources */,
				81EBF5FE2C3BBF4400E2FBF5 /* Assets.xcassets in Resources */,
			);
			runOnlyForDeploymentPostprocessing = 0;
		};
/* End PBXResourcesBuildPhase section */

/* Begin PBXSourcesBuildPhase section */
		81EBF5F22C3BBF4200E2FBF5 /* Sources */ = {
			isa = PBXSourcesBuildPhase;
			buildActionMask = 2147483647;
			files = (
				81EBF6142C3BBF9A00E2FBF5 /* AddView.swift in Sources */,
				81EBF5FC2C3BBF4200E2FBF5 /* ContentView.swift in Sources */,
				81EBF6122C3BBF9000E2FBF5 /* ItemListView.swift in Sources */,
				81EBF60A2C3BBF5600E2FBF5 /* DataController.swift in Sources */,
				81EBF60D2C3BBF6100E2FBF5 /* Income.xcdatamodeld in Sources */,
				81EBF6102C3BBF8700E2FBF5 /* HomeView.swift in Sources */,
				81EBF5FA2C3BBF4200E2FBF5 /* My_IncomeApp.swift in Sources */,
				81EBF6162C3BBFAF00E2FBF5 /* IncomeViewModel.swift in Sources */,
			);
			runOnlyForDeploymentPostprocessing = 0;
		};
/* End PBXSourcesBuildPhase section */

/* Begin XCBuildConfiguration section */
		81EBF6032C3BBF4400E2FBF5 /* Debug */ = {
			isa = XCBuildConfiguration;
			buildSettings = {
				ALWAYS_SEARCH_USER_PATHS = NO;
				ASSETCATALOG_COMPILER_GENERATE_SWIFT_ASSET_SYMBOL_EXTENSIONS = YES;
				CLANG_ANALYZER_NONNULL = YES;
				CLANG_ANALYZER_NUMBER_OBJECT_CONVERSION = YES_AGGRESSIVE;
				CLANG_CXX_LANGUAGE_STANDARD = "gnu++20";
				CLANG_ENABLE_MODULES = YES;
				CLANG_ENABLE_OBJC_ARC = YES;
				CLANG_ENABLE_OBJC_WEAK = YES;
				CLANG_WARN_BLOCK_CAPTURE_AUTORELEASING = YES;
				CLANG_WARN_BOOL_CONVERSION = YES;
				CLANG_WARN_COMMA = YES;
				CLANG_WARN_CONSTANT_CONVERSION = YES;
				CLANG_WARN_DEPRECATED_OBJC_IMPLEMENTATIONS = YES;
				CLANG_WARN_DIRECT_OBJC_ISA_USAGE = YES_ERROR;
				CLANG_WARN_DOCUMENTATION_COMMENTS = YES;
				CLANG_WARN_EMPTY_BODY = YES;
				CLANG_WARN_ENUM_CONVERSION = YES;
				CLANG_WARN_INFINITE_RECURSION = YES;
				CLANG_WARN_INT_CONVERSION = YES;
				CLANG_WARN_NON_LITERAL_NULL_CONVERSION = YES;
				CLANG_WARN_OBJC_IMPLICIT_RETAIN_SELF = YES;
				CLANG_WARN_OBJC_LITERAL_CONVERSION = YES;
				CLANG_WARN_OBJC_ROOT_CLASS = YES_ERROR;
				CLANG_WARN_QUOTED_INCLUDE_IN_FRAMEWORK_HEADER = YES;
				CLANG_WARN_RANGE_LOOP_ANALYSIS = YES;
				CLANG_WARN_STRICT_PROTOTYPES = YES;
				CLANG_WARN_SUSPICIOUS_MOVE = YES;
				CLANG_WARN_UNGUARDED_AVAILABILITY = YES_AGGRESSIVE;
				CLANG_WARN_UNREACHABLE_CODE = YES;
				CLANG_WARN__DUPLICATE_METHOD_MATCH = YES;
				COPY_PHASE_STRIP = NO;
				DEBUG_INFORMATION_FORMAT = dwarf;
				ENABLE_STRICT_OBJC_MSGSEND = YES;
				ENABLE_TESTABILITY = YES;
				ENABLE_USER_SCRIPT_SANDBOXING = YES;
				GCC_C_LANGUAGE_STANDARD = gnu17;
				GCC_DYNAMIC_NO_PIC = NO;
				GCC_NO_COMMON_BLOCKS = YES;
				GCC_OPTIMIZATION_LEVEL = 0;
				GCC_PREPROCESSOR_DEFINITIONS = (
					"DEBUG=1",
					"$(inherited)",
				);
				GCC_WARN_64_TO_32_BIT_CONVERSION = YES;
				GCC_WARN_ABOUT_RETURN_TYPE = YES_ERROR;
				GCC_WARN_UNDECLARED_SELECTOR = YES;
				GCC_WARN_UNINITIALIZED_AUTOS = YES_AGGRESSIVE;
				GCC_WARN_UNUSED_FUNCTION = YES;
				GCC_WARN_UNUSED_VARIABLE = YES;
				LOCALIZATION_PREFERS_STRING_CATALOGS = YES;
				MACOSX_DEPLOYMENT_TARGET = 14.2;
				MTL_ENABLE_DEBUG_INFO = INCLUDE_SOURCE;
				MTL_FAST_MATH = YES;
				ONLY_ACTIVE_ARCH = YES;
				SDKROOT = macosx;
				SWIFT_ACTIVE_COMPILATION_CONDITIONS = "DEBUG $(inherited)";
				SWIFT_OPTIMIZATION_LEVEL = "-Onone";
			};
			name = Debug;
		};
		81EBF6042C3BBF4400E2FBF5 /* Release */ = {
			isa = XCBuildConfiguration;
			buildSettings = {
				ALWAYS_SEARCH_USER_PATHS = NO;
				ASSETCATALOG_COMPILER_GENERATE_SWIFT_ASSET_SYMBOL_EXTENSIONS = YES;
				CLANG_ANALYZER_NONNULL = YES;
				CLANG_ANALYZER_NUMBER_OBJECT_CONVERSION = YES_AGGRESSIVE;
				CLANG_CXX_LANGUAGE_STANDARD = "gnu++20";
				CLANG_ENABLE_MODULES = YES;
				CLANG_ENABLE_OBJC_ARC = YES;
				CLANG_ENABLE_OBJC_WEAK = YES;
				CLANG_WARN_BLOCK_CAPTURE_AUTORELEASING = YES;
				CLANG_WARN_BOOL_CONVERSION = YES;
				CLANG_WARN_COMMA = YES;
				CLANG_WARN_CONSTANT_CONVERSION = YES;
				CLANG_WARN_DEPRECATED_OBJC_IMPLEMENTATIONS = YES;
				CLANG_WARN_DIRECT_OBJC_ISA_USAGE = YES_ERROR;
				CLANG_WARN_DOCUMENTATION_COMMENTS = YES;
				CLANG_WARN_EMPTY_BODY = YES;
				CLANG_WARN_ENUM_CONVERSION = YES;
				CLANG_WARN_INFINITE_RECURSION = YES;
				CLANG_WARN_INT_CONVERSION = YES;
				CLANG_WARN_NON_LITERAL_NULL_CONVERSION = YES;
				CLANG_WARN_OBJC_IMPLICIT_RETAIN_SELF = YES;
				CLANG_WARN_OBJC_LITERAL_CONVERSION = YES;
				CLANG_WARN_OBJC_ROOT_CLASS = YES_ERROR;
				CLANG_WARN_QUOTED_INCLUDE_IN_FRAMEWORK_HEADER = YES;
				CLANG_WARN_RANGE_LOOP_ANALYSIS = YES;
				CLANG_WARN_STRICT_PROTOTYPES = YES;
				CLANG_WARN_SUSPICIOUS_MOVE = YES;
				CLANG_WARN_UNGUARDED_AVAILABILITY = YES_AGGRESSIVE;
				CLANG_WARN_UNREACHABLE_CODE = YES;
				CLANG_WARN__DUPLICATE_METHOD_MATCH = YES;
				COPY_PHASE_STRIP = NO;
				DEBUG_INFORMATION_FORMAT = "dwarf-with-dsym";
				ENABLE_NS_ASSERTIONS = NO;
				ENABLE_STRICT_OBJC_MSGSEND = YES;
				ENABLE_USER_SCRIPT_SANDBOXING = YES;
				GCC_C_LANGUAGE_STANDARD = gnu17;
				GCC_NO_COMMON_BLOCKS = YES;
				GCC_WARN_64_TO_32_BIT_CONVERSION = YES;
				GCC_WARN_ABOUT_RETURN_TYPE = YES_ERROR;
				GCC_WARN_UNDECLARED_SELECTOR = YES;
				GCC_WARN_UNINITIALIZED_AUTOS = YES_AGGRESSIVE;
				GCC_WARN_UNUSED_FUNCTION = YES;
				GCC_WARN_UNUSED_VARIABLE = YES;
				LOCALIZATION_PREFERS_STRING_CATALOGS = YES;
				MACOSX_DEPLOYMENT_TARGET = 14.2;
				MTL_ENABLE_DEBUG_INFO = NO;
				MTL_FAST_MATH = YES;
				SDKROOT = macosx;
				SWIFT_COMPILATION_MODE = wholemodule;
			};
			name = Release;
		};
		81EBF6062C3BBF4400E2FBF5 /* Debug */ = {
			isa = XCBuildConfiguration;
			buildSettings = {
				ASSETCATALOG_COMPILER_APPICON_NAME = AppIcon;
				ASSETCATALOG_COMPILER_GLOBAL_ACCENT_COLOR_NAME = AccentColor;
				CODE_SIGN_ENTITLEMENTS = "My Income/My_Income.entitlements";
				CODE_SIGN_STYLE = Automatic;
				COMBINE_HIDPI_IMAGES = YES;
				CURRENT_PROJECT_VERSION = 1;
				DEVELOPMENT_ASSET_PATHS = "\"My Income/Preview Content\"";
				DEVELOPMENT_TEAM = V6Z63JTKRK;
				ENABLE_HARDENED_RUNTIME = YES;
				ENABLE_PREVIEWS = YES;
				GENERATE_INFOPLIST_FILE = YES;
				INFOPLIST_KEY_NSHumanReadableCopyright = "";
				LD_RUNPATH_SEARCH_PATHS = (
					"$(inherited)",
					"@executable_path/../Frameworks",
				);
				MARKETING_VERSION = 1.0;
				PRODUCT_BUNDLE_IDENTIFIER = "com.LaluIman.My-Income";
				PRODUCT_NAME = "$(TARGET_NAME)";
				SWIFT_EMIT_LOC_STRINGS = YES;
				SWIFT_VERSION = 5.0;
			};
			name = Debug;
		};
		81EBF6072C3BBF4400E2FBF5 /* Release */ = {
			isa = XCBuildConfiguration;
			buildSettings = {
				ASSETCATALOG_COMPILER_APPICON_NAME = AppIcon;
				ASSETCATALOG_COMPILER_GLOBAL_ACCENT_COLOR_NAME = AccentColor;
				CODE_SIGN_ENTITLEMENTS = "My Income/My_Income.entitlements";
				CODE_SIGN_STYLE = Automatic;
				COMBINE_HIDPI_IMAGES = YES;
				CURRENT_PROJECT_VERSION = 1;
				DEVELOPMENT_ASSET_PATHS = "\"My Income/Preview Content\"";
				DEVELOPMENT_TEAM = V6Z63JTKRK;
				ENABLE_HARDENED_RUNTIME = YES;
				ENABLE_PREVIEWS = YES;
				GENERATE_INFOPLIST_FILE = YES;
				INFOPLIST_KEY_NSHumanReadableCopyright = "";
				LD_RUNPATH_SEARCH_PATHS = (
					"$(inherited)",
					"@executable_path/../Frameworks",
				);
				MARKETING_VERSION = 1.0;
				PRODUCT_BUNDLE_IDENTIFIER = "com.LaluIman.My-Income";
				PRODUCT_NAME = "$(TARGET_NAME)";
				SWIFT_EMIT_LOC_STRINGS = YES;
				SWIFT_VERSION = 5.0;
			};
			name = Release;
		};
/* End XCBuildConfiguration section */

/* Begin XCConfigurationList section */
		81EBF5F12C3BBF4200E2FBF5 /* Build configuration list for PBXProject "My Income" */ = {
			isa = XCConfigurationList;
			buildConfigurations = (
				81EBF6032C3BBF4400E2FBF5 /* Debug */,
				81EBF6042C3BBF4400E2FBF5 /* Release */,
			);
			defaultConfigurationIsVisible = 0;
			defaultConfigurationName = Release;
		};
		81EBF6052C3BBF4400E2FBF5 /* Build configuration list for PBXNativeTarget "My Income" */ = {
			isa = XCConfigurationList;
			buildConfigurations = (
				81EBF6062C3BBF4400E2FBF5 /* Debug */,
				81EBF6072C3BBF4400E2FBF5 /* Release */,
			);
			defaultConfigurationIsVisible = 0;
			defaultConfigurationName = Release;
		};
/* End XCConfigurationList section */

/* Begin XCVersionGroup section */
		81EBF60B2C3BBF6100E2FBF5 /* Income.xcdatamodeld */ = {
			isa = XCVersionGroup;
			children = (
				81EBF60C2C3BBF6100E2FBF5 /* MyIncome.xcdatamodel */,
			);
			currentVersion = 81EBF60C2C3BBF6100E2FBF5 /* MyIncome.xcdatamodel */;
			path = Income.xcdatamodeld;
			sourceTree = "<group>";
			versionGroupType = wrapper.xcdatamodel;
		};
/* End XCVersionGroup section */
	};
	rootObject = 81EBF5EE2C3BBF4200E2FBF5 /* Project object */;
}
